
Microsoft Visual Studio Solution File, Format Version 12.00
# Visual Studio 15
VisualStudioVersion = 15.0.27703.2026
MinimumVisualStudioVersion = 10.0.40219.1
Project("{FAE04EC0-301F-11D3-BF4B-00C04F79EFBC}") = "FielderLinq", "FielderLinq\FielderLinq.csproj", "{C85ABFB3-E1D7-4B90-AC98-35BA8751834C}"
EndProject
Project("{FAE04EC0-301F-11D3-BF4B-00C04F79EFBC}") = "Dal", "Dal\Dal.csproj", "{2E7020CE-6780-43BC-B580-206201944BFF}"
EndProject
Global
	GlobalSection(SolutionConfigurationPlatforms) = preSolution
		Debug|Any CPU = Debug|Any CPU
		Release|Any CPU = Release|Any CPU
	EndGlobalSection
	GlobalSection(ProjectConfigurationPlatforms) = postSolution
		{C85ABFB3-E1D7-4B90-AC98-35BA8751834C}.Debug|Any CPU.ActiveCfg = Debug|Any CPU
		{C85ABFB3-E1D7-4B90-AC98-35BA8751834C}.Debug|Any CPU.Build.0 = Debug|Any CPU
		{C85ABFB3-E1D7-4B90-AC98-35BA8751834C}.Release|Any CPU.ActiveCfg = Release|Any CPU
		{C85ABFB3-E1D7-4B90-AC98-35BA8751834C}.Release|Any CPU.Build.0 = Release|Any CPU
		{2E7020CE-6780-43BC-B580-206201944BFF}.Debug|Any CPU.ActiveCfg = Debug|Any CPU
		{2E7020CE-6780-43BC-B580-206201944BFF}.Debug|Any CPU.Build.0 = Debug|Any CPU
		{2E7020CE-6780-43BC-B580-206201944BFF}.Release|Any CPU.ActiveCfg = Release|Any CPU
		{2E7020CE-6780-43BC-B580-206201944BFF}.Release|Any CPU.Build.0 = Release|Any CPU
	EndGlobalSection
	GlobalSection(SolutionProperties) = preSolution
		HideSolutionNode = FALSE
	EndGlobalSection
	GlobalSection(ExtensibilityGlobals) = postSolution
		SolutionGuid = {D626E4D8-96F1-4976-AE92-F959FE1CB391}
	EndGlobalSection
EndGlobal
